
Microsoft Visual Studio Solution File, Format Version 12.00
# Visual Studio Version 17
VisualStudioVersion = 17.0.31903.59
MinimumVisualStudioVersion = 10.0.40219.1
Project("{2150E333-8FDC-42A3-9474-1A3956D46DE8}") = "tests", "tests", "{0AB3BF05-4346-4AA6-1389-037BE0695223}"
EndProject
Project("{2150E333-8FDC-42A3-9474-1A3956D46DE8}") = "1.two-sum", "1.two-sum", "{710C75A6-CA0C-080A-7896-B1642A345219}"
EndProject
Project("{FAE04EC0-301F-11D3-BF4B-00C04F79EFBC}") = "TwoSum.Tests", "tests\1.two-sum\TwoSum.Tests.csproj", "{95831B28-15D1-43AC-81DE-DCDC310399D3}"
EndProject
Project("{2150E333-8FDC-42A3-9474-1A3956D46DE8}") = "1018.binary-prefix-divisible-by-5", "1018.binary-prefix-divisible-by-5", "{E2CBD279-0A32-9824-A5CF-F6D7C50C1F7F}"
EndProject
Project("{FAE04EC0-301F-11D3-BF4B-00C04F79EFBC}") = "PrefixDivisibleBy5.Tests", "tests\1018.binary-prefix-divisible-by-5\PrefixDivisibleBy5.Tests.csproj", "{8B2F517A-F68E-4181-880E-931DDD37C0F3}"
EndProject
Project("{2150E333-8FDC-42A3-9474-1A3956D46DE8}") = "1262.greatest-sum-divisible-by-three", "1262.greatest-sum-divisible-by-three", "{11637EE1-97CB-3ABC-4054-FCF6F0C625BE}"
EndProject
Project("{FAE04EC0-301F-11D3-BF4B-00C04F79EFBC}") = "GreatestSumDivisibleByThree.Tests", "tests\1262.greatest-sum-divisible-by-three\GreatestSumDivisibleByThree.Tests.csproj", "{0A77AFA4-0EB1-46CE-9716-F255AC4EBF98}"
EndProject
Project("{2150E333-8FDC-42A3-9474-1A3956D46DE8}") = "2.add-two-numbers", "2.add-two-numbers", "{375E4346-7ACE-E1A2-BE5D-7122EFB99B85}"
EndProject
Project("{FAE04EC0-301F-11D3-BF4B-00C04F79EFBC}") = "AddTwoNumbers.Tests", "tests\2.add-two-numbers\AddTwoNumbers.Tests.csproj", "{54AF893E-182D-4958-85EB-04E7B3A071A9}"
EndProject
Project("{2150E333-8FDC-42A3-9474-1A3956D46DE8}") = "9.palindrome-number", "9.palindrome-number", "{C0B3E1CF-C775-D856-8037-2D839D5CC0A0}"
EndProject
Project("{FAE04EC0-301F-11D3-BF4B-00C04F79EFBC}") = "Palindrome.Tests", "tests\9.palindrome-number\Palindrome.Tests.csproj", "{9CE7E49D-15CE-4111-9F1D-9299588C079B}"
EndProject
Global
	GlobalSection(SolutionConfigurationPlatforms) = preSolution
		Debug|Any CPU = Debug|Any CPU
		Debug|x64 = Debug|x64
		Debug|x86 = Debug|x86
		Release|Any CPU = Release|Any CPU
		Release|x64 = Release|x64
		Release|x86 = Release|x86
	EndGlobalSection
	GlobalSection(ProjectConfigurationPlatforms) = postSolution
		{95831B28-15D1-43AC-81DE-DCDC310399D3}.Debug|Any CPU.ActiveCfg = Debug|Any CPU
		{95831B28-15D1-43AC-81DE-DCDC310399D3}.Debug|Any CPU.Build.0 = Debug|Any CPU
		{95831B28-15D1-43AC-81DE-DCDC310399D3}.Debug|x64.ActiveCfg = Debug|Any CPU
		{95831B28-15D1-43AC-81DE-DCDC310399D3}.Debug|x64.Build.0 = Debug|Any CPU
		{95831B28-15D1-43AC-81DE-DCDC310399D3}.Debug|x86.ActiveCfg = Debug|Any CPU
		{95831B28-15D1-43AC-81DE-DCDC310399D3}.Debug|x86.Build.0 = Debug|Any CPU
		{95831B28-15D1-43AC-81DE-DCDC310399D3}.Release|Any CPU.ActiveCfg = Release|Any CPU
		{95831B28-15D1-43AC-81DE-DCDC310399D3}.Release|Any CPU.Build.0 = Release|Any CPU
		{95831B28-15D1-43AC-81DE-DCDC310399D3}.Release|x64.ActiveCfg = Release|Any CPU
		{95831B28-15D1-43AC-81DE-DCDC310399D3}.Release|x64.Build.0 = Release|Any CPU
		{95831B28-15D1-43AC-81DE-DCDC310399D3}.Release|x86.ActiveCfg = Release|Any CPU
		{95831B28-15D1-43AC-81DE-DCDC310399D3}.Release|x86.Build.0 = Release|Any CPU
		{8B2F517A-F68E-4181-880E-931DDD37C0F3}.Debug|Any CPU.ActiveCfg = Debug|Any CPU
		{8B2F517A-F68E-4181-880E-931DDD37C0F3}.Debug|Any CPU.Build.0 = Debug|Any CPU
		{8B2F517A-F68E-4181-880E-931DDD37C0F3}.Debug|x64.ActiveCfg = Debug|Any CPU
		{8B2F517A-F68E-4181-880E-931DDD37C0F3}.Debug|x64.Build.0 = Debug|Any CPU
		{8B2F517A-F68E-4181-880E-931DDD37C0F3}.Debug|x86.ActiveCfg = Debug|Any CPU
		{8B2F517A-F68E-4181-880E-931DDD37C0F3}.Debug|x86.Build.0 = Debug|Any CPU
		{8B2F517A-F68E-4181-880E-931DDD37C0F3}.Release|Any CPU.ActiveCfg = Release|Any CPU
		{8B2F517A-F68E-4181-880E-931DDD37C0F3}.Release|Any CPU.Build.0 = Release|Any CPU
		{8B2F517A-F68E-4181-880E-931DDD37C0F3}.Release|x64.ActiveCfg = Release|Any CPU
		{8B2F517A-F68E-4181-880E-931DDD37C0F3}.Release|x64.Build.0 = Release|Any CPU
		{8B2F517A-F68E-4181-880E-931DDD37C0F3}.Release|x86.ActiveCfg = Release|Any CPU
		{8B2F517A-F68E-4181-880E-931DDD37C0F3}.Release|x86.Build.0 = Release|Any CPU
		{0A77AFA4-0EB1-46CE-9716-F255AC4EBF98}.Debug|Any CPU.ActiveCfg = Debug|Any CPU
		{0A77AFA4-0EB1-46CE-9716-F255AC4EBF98}.Debug|Any CPU.Build.0 = Debug|Any CPU
		{0A77AFA4-0EB1-46CE-9716-F255AC4EBF98}.Debug|x64.ActiveCfg = Debug|Any CPU
		{0A77AFA4-0EB1-46CE-9716-F255AC4EBF98}.Debug|x64.Build.0 = Debug|Any CPU
		{0A77AFA4-0EB1-46CE-9716-F255AC4EBF98}.Debug|x86.ActiveCfg = Debug|Any CPU
		{0A77AFA4-0EB1-46CE-9716-F255AC4EBF98}.Debug|x86.Build.0 = Debug|Any CPU
		{0A77AFA4-0EB1-46CE-9716-F255AC4EBF98}.Release|Any CPU.ActiveCfg = Release|Any CPU
		{0A77AFA4-0EB1-46CE-9716-F255AC4EBF98}.Release|Any CPU.Build.0 = Release|Any CPU
		{0A77AFA4-0EB1-46CE-9716-F255AC4EBF98}.Release|x64.ActiveCfg = Release|Any CPU
		{0A77AFA4-0EB1-46CE-9716-F255AC4EBF98}.Release|x64.Build.0 = Release|Any CPU
		{0A77AFA4-0EB1-46CE-9716-F255AC4EBF98}.Release|x86.ActiveCfg = Release|Any CPU
		{0A77AFA4-0EB1-46CE-9716-F255AC4EBF98}.Release|x86.Build.0 = Release|Any CPU
		{54AF893E-182D-4958-85EB-04E7B3A071A9}.Debug|Any CPU.ActiveCfg = Debug|Any CPU
		{54AF893E-182D-4958-85EB-04E7B3A071A9}.Debug|Any CPU.Build.0 = Debug|Any CPU
		{54AF893E-182D-4958-85EB-04E7B3A071A9}.Debug|x64.ActiveCfg = Debug|Any CPU
		{54AF893E-182D-4958-85EB-04E7B3A071A9}.Debug|x64.Build.0 = Debug|Any CPU
		{54AF893E-182D-4958-85EB-04E7B3A071A9}.Debug|x86.ActiveCfg = Debug|Any CPU
		{54AF893E-182D-4958-85EB-04E7B3A071A9}.Debug|x86.Build.0 = Debug|Any CPU
		{54AF893E-182D-4958-85EB-04E7B3A071A9}.Release|Any CPU.ActiveCfg = Release|Any CPU
		{54AF893E-182D-4958-85EB-04E7B3A071A9}.Release|Any CPU.Build.0 = Release|Any CPU
		{54AF893E-182D-4958-85EB-04E7B3A071A9}.Release|x64.ActiveCfg = Release|Any CPU
		{54AF893E-182D-4958-85EB-04E7B3A071A9}.Release|x64.Build.0 = Release|Any CPU
		{54AF893E-182D-4958-85EB-04E7B3A071A9}.Release|x86.ActiveCfg = Release|Any CPU
		{54AF893E-182D-4958-85EB-04E7B3A071A9}.Release|x86.Build.0 = Release|Any CPU
		{9CE7E49D-15CE-4111-9F1D-9299588C079B}.Debug|Any CPU.ActiveCfg = Debug|Any CPU
		{9CE7E49D-15CE-4111-9F1D-9299588C079B}.Debug|Any CPU.Build.0 = Debug|Any CPU
		{9CE7E49D-15CE-4111-9F1D-9299588C079B}.Debug|x64.ActiveCfg = Debug|Any CPU
		{9CE7E49D-15CE-4111-9F1D-9299588C079B}.Debug|x64.Build.0 = Debug|Any CPU
		{9CE7E49D-15CE-4111-9F1D-9299588C079B}.Debug|x86.ActiveCfg = Debug|Any CPU
		{9CE7E49D-15CE-4111-9F1D-9299588C079B}.Debug|x86.Build.0 = Debug|Any CPU
		{9CE7E49D-15CE-4111-9F1D-9299588C079B}.Release|Any CPU.ActiveCfg = Release|Any CPU
		{9CE7E49D-15CE-4111-9F1D-9299588C079B}.Release|Any CPU.Build.0 = Release|Any CPU
		{9CE7E49D-15CE-4111-9F1D-9299588C079B}.Release|x64.ActiveCfg = Release|Any CPU
		{9CE7E49D-15CE-4111-9F1D-9299588C079B}.Release|x64.Build.0 = Release|Any CPU
		{9CE7E49D-15CE-4111-9F1D-9299588C079B}.Release|x86.ActiveCfg = Release|Any CPU
		{9CE7E49D-15CE-4111-9F1D-9299588C079B}.Release|x86.Build.0 = Release|Any CPU
	EndGlobalSection
	GlobalSection(SolutionProperties) = preSolution
		HideSolutionNode = FALSE
	EndGlobalSection
	GlobalSection(NestedProjects) = preSolution
		{710C75A6-CA0C-080A-7896-B1642A345219} = {0AB3BF05-4346-4AA6-1389-037BE0695223}
		{95831B28-15D1-43AC-81DE-DCDC310399D3} = {710C75A6-CA0C-080A-7896-B1642A345219}
		{E2CBD279-0A32-9824-A5CF-F6D7C50C1F7F} = {0AB3BF05-4346-4AA6-1389-037BE0695223}
		{8B2F517A-F68E-4181-880E-931DDD37C0F3} = {E2CBD279-0A32-9824-A5CF-F6D7C50C1F7F}
		{11637EE1-97CB-3ABC-4054-FCF6F0C625BE} = {0AB3BF05-4346-4AA6-1389-037BE0695223}
		{0A77AFA4-0EB1-46CE-9716-F255AC4EBF98} = {11637EE1-97CB-3ABC-4054-FCF6F0C625BE}
		{375E4346-7ACE-E1A2-BE5D-7122EFB99B85} = {0AB3BF05-4346-4AA6-1389-037BE0695223}
		{54AF893E-182D-4958-85EB-04E7B3A071A9} = {375E4346-7ACE-E1A2-BE5D-7122EFB99B85}
		{C0B3E1CF-C775-D856-8037-2D839D5CC0A0} = {0AB3BF05-4346-4AA6-1389-037BE0695223}
		{9CE7E49D-15CE-4111-9F1D-9299588C079B} = {C0B3E1CF-C775-D856-8037-2D839D5CC0A0}
	EndGlobalSection
EndGlobal
